// !$*UTF8*$!
{
	archiveVersion = 1;
	classes = {
	};
	objectVersion = 50;
	objects = {

/* Begin PBXBuildFile section */
		9B0BB80D22FBF55600A79EE5 /* viewModel.swift in Sources */ = {isa = PBXBuildFile; fileRef = 9B0BB80C22FBF55600A79EE5 /* viewModel.swift */; };
		9B0BB80F22FBFFCF00A79EE5 /* genericViewModel.swift in Sources */ = {isa = PBXBuildFile; fileRef = 9B0BB80E22FBFFCF00A79EE5 /* genericViewModel.swift */; };
		9B0BB81222FC19F900A79EE5 /* model.swift in Sources */ = {isa = PBXBuildFile; fileRef = 9B0BB81122FC19F900A79EE5 /* model.swift */; };
		9B0BB81522FC1AAC00A79EE5 /* viewModelMvvm.swift in Sources */ = {isa = PBXBuildFile; fileRef = 9B0BB81422FC1AAC00A79EE5 /* viewModelMvvm.swift */; };
		9B0BB81722FC502100A79EE5 /* bindabletextfield.swift in Sources */ = {isa = PBXBuildFile; fileRef = 9B0BB81622FC502100A79EE5 /* bindabletextfield.swift */; };
		9B14D5D622F84FCF00C5EE46 /* AppDelegate.swift in Sources */ = {isa = PBXBuildFile; fileRef = 9B14D5D522F84FCF00C5EE46 /* AppDelegate.swift */; };
		9B14D5D822F84FCF00C5EE46 /* ViewController.swift in Sources */ = {isa = PBXBuildFile; fileRef = 9B14D5D722F84FCF00C5EE46 /* ViewController.swift */; };
		9B14D5DB22F84FD000C5EE46 /* Main.storyboard in Resources */ = {isa = PBXBuildFile; fileRef = 9B14D5D922F84FD000C5EE46 /* Main.storyboard */; };
		9B14D5DD22F84FD400C5EE46 /* Assets.xcassets in Resources */ = {isa = PBXBuildFile; fileRef = 9B14D5DC22F84FD400C5EE46 /* Assets.xcassets */; };
		9B14D5E022F84FD400C5EE46 /* LaunchScreen.storyboard in Resources */ = {isa = PBXBuildFile; fileRef = 9B14D5DE22F84FD400C5EE46 /* LaunchScreen.storyboard */; };
/* End PBXBuildFile section */

/* Begin PBXFileReference section */
		9B0BB80C22FBF55600A79EE5 /* viewModel.swift */ = {isa = PBXFileReference; lastKnownFileType = sourcecode.swift; path = viewModel.swift; sourceTree = "<group>"; };
		9B0BB80E22FBFFCF00A79EE5 /* genericViewModel.swift */ = {isa = PBXFileReference; lastKnownFileType = sourcecode.swift; path = genericViewModel.swift; sourceTree = "<group>"; };
		9B0BB81122FC19F900A79EE5 /* model.swift */ = {isa = PBXFileReference; lastKnownFileType = sourcecode.swift; path = model.swift; sourceTree = "<group>"; };
		9B0BB81422FC1AAC00A79EE5 /* viewModelMvvm.swift */ = {isa = PBXFileReference; lastKnownFileType = sourcecode.swift; path = viewModelMvvm.swift; sourceTree = "<group>"; };
		9B0BB81622FC502100A79EE5 /* bindabletextfield.swift */ = {isa = PBXFileReference; lastKnownFileType = sourcecode.swift; path = bindabletextfield.swift; sourceTree = "<group>"; };
		9B14D5D222F84FCF00C5EE46 /* cleanArchitecture.app */ = {isa = PBXFileReference; explicitFileType = wrapper.application; includeInIndex = 0; path = cleanArchitecture.app; sourceTree = BUILT_PRODUCTS_DIR; };
		9B14D5D522F84FCF00C5EE46 /* AppDelegate.swift */ = {isa = PBXFileReference; lastKnownFileType = sourcecode.swift; path = AppDelegate.swift; sourceTree = "<group>"; };
		9B14D5D722F84FCF00C5EE46 /* ViewController.swift */ = {isa = PBXFileReference; lastKnownFileType = sourcecode.swift; path = ViewController.swift; sourceTree = "<group>"; };
		9B14D5DA22F84FD000C5EE46 /* Base */ = {isa = PBXFileReference; lastKnownFileType = file.storyboard; name = Base; path = Base.lproj/Main.storyboard; sourceTree = "<group>"; };
		9B14D5DC22F84FD400C5EE46 /* Assets.xcassets */ = {isa = PBXFileReference; lastKnownFileType = folder.assetcatalog; path = Assets.xcassets; sourceTree = "<group>"; };
		9B14D5DF22F84FD400C5EE46 /* Base */ = {isa = PBXFileReference; lastKnownFileType = file.storyboard; name = Base; path = Base.lproj/LaunchScreen.storyboard; sourceTree = "<group>"; };
		9B14D5E122F84FD400C5EE46 /* Info.plist */ = {isa = PBXFileReference; lastKnownFileType = text.plist.xml; path = Info.plist; sourceTree = "<group>"; };
/* End PBXFileReference section */

/* Begin PBXFrameworksBuildPhase section */
		9B14D5CF22F84FCF00C5EE46 /* Frameworks */ = {
			isa = PBXFrameworksBuildPhase;
			buildActionMask = 2147483647;
			files = (
			);
			runOnlyForDeploymentPostprocessing = 0;
		};
/* End PBXFrameworksBuildPhase section */

/* Begin PBXGroup section */
		9B0BB81022FC19ED00A79EE5 /* Model */ = {
			isa = PBXGroup;
			children = (
				9B0BB81122FC19F900A79EE5 /* model.swift */,
				9B0BB81622FC502100A79EE5 /* bindabletextfield.swift */,
			);
			path = Model;
			sourceTree = "<group>";
		};
		9B0BB81322FC1A9500A79EE5 /* viewModel */ = {
			isa = PBXGroup;
			children = (
				9B0BB81422FC1AAC00A79EE5 /* viewModelMvvm.swift */,
			);
			path = viewModel;
			sourceTree = "<group>";
		};
		9B14D5C922F84FCF00C5EE46 = {
			isa = PBXGroup;
			children = (
				9B14D5D422F84FCF00C5EE46 /* cleanArchitecture */,
				9B14D5D322F84FCF00C5EE46 /* Products */,
			);
			sourceTree = "<group>";
		};
		9B14D5D322F84FCF00C5EE46 /* Products */ = {
			isa = PBXGroup;
			children = (
				9B14D5D222F84FCF00C5EE46 /* cleanArchitecture.app */,
			);
			name = Products;
			sourceTree = "<group>";
		};
		9B14D5D422F84FCF00C5EE46 /* cleanArchitecture */ = {
			isa = PBXGroup;
			children = (
				9B0BB81322FC1A9500A79EE5 /* viewModel */,
				9B0BB81022FC19ED00A79EE5 /* Model */,
				9B14D5D522F84FCF00C5EE46 /* AppDelegate.swift */,
				9B14D5D722F84FCF00C5EE46 /* ViewController.swift */,
				9B14D5D922F84FD000C5EE46 /* Main.storyboard */,
				9B14D5DC22F84FD400C5EE46 /* Assets.xcassets */,
				9B14D5DE22F84FD400C5EE46 /* LaunchScreen.storyboard */,
				9B14D5E122F84FD400C5EE46 /* Info.plist */,
				9B0BB80C22FBF55600A79EE5 /* viewModel.swift */,
				9B0BB80E22FBFFCF00A79EE5 /* genericViewModel.swift */,
			);
			path = cleanArchitecture;
			sourceTree = "<group>";
		};
/* End PBXGroup section */

/* Begin PBXNativeTarget section */
		9B14D5D122F84FCF00C5EE46 /* cleanArchitecture */ = {
			isa = PBXNativeTarget;
			buildConfigurationList = 9B14D5E422F84FD400C5EE46 /* Build configuration list for PBXNativeTarget "cleanArchitecture" */;
			buildPhases = (
				9B14D5CE22F84FCF00C5EE46 /* Sources */,
				9B14D5CF22F84FCF00C5EE46 /* Frameworks */,
				9B14D5D022F84FCF00C5EE46 /* Resources */,
			);
			buildRules = (
			);
			dependencies = (
			);
			name = cleanArchitecture;
			productName = cleanArchitecture;
			productReference = 9B14D5D222F84FCF00C5EE46 /* cleanArchitecture.app */;
			productType = "com.apple.product-type.application";
		};
/* End PBXNativeTarget section */

/* Begin PBXProject section */
		9B14D5CA22F84FCF00C5EE46 /* Project object */ = {
			isa = PBXProject;
			attributes = {
				LastSwiftUpdateCheck = 1010;
				LastUpgradeCheck = 1010;
				ORGANIZATIONNAME = Panacea015;
				TargetAttributes = {
					9B14D5D122F84FCF00C5EE46 = {
						CreatedOnToolsVersion = 10.1;
					};
				};
			};
			buildConfigurationList = 9B14D5CD22F84FCF00C5EE46 /* Build configuration list for PBXProject "cleanArchitecture" */;
			compatibilityVersion = "Xcode 9.3";
			developmentRegion = en;
			hasScannedForEncodings = 0;
			knownRegions = (
				en,
				Base,
			);
			mainGroup = 9B14D5C922F84FCF00C5EE46;
			productRefGroup = 9B14D5D322F84FCF00C5EE46 /* Products */;
			projectDirPath = "";
			projectRoot = "";
			targets = (
				9B14D5D122F84FCF00C5EE46 /* cleanArchitecture */,
			);
		};
/* End PBXProject section */

/* Begin PBXResourcesBuildPhase section */
		9B14D5D022F84FCF00C5EE46 /* Resources */ = {
			isa = PBXResourcesBuildPhase;
			buildActionMask = 2147483647;
			files = (
				9B14D5E022F84FD400C5EE46 /* LaunchScreen.storyboard in Resources */,
				9B14D5DD22F84FD400C5EE46 /* Assets.xcassets in Resources */,
				9B14D5DB22F84FD000C5EE46 /* Main.storyboard in Resources */,
			);
			runOnlyForDeploymentPostprocessing = 0;
		};
/* End PBXResourcesBuildPhase section */

/* Begin PBXSourcesBuildPhase section */
		9B14D5CE22F84FCF00C5EE46 /* Sources */ = {
			isa = PBXSourcesBuildPhase;
			buildActionMask = 2147483647;
			files = (
				9B0BB81222FC19F900A79EE5 /* model.swift in Sources */,
				9B14D5D822F84FCF00C5EE46 /* ViewController.swift in Sources */,
				9B0BB81522FC1AAC00A79EE5 /* viewModelMvvm.swift in Sources */,
				9B0BB81722FC502100A79EE5 /* bindabletextfield.swift in Sources */,
				9B0BB80D22FBF55600A79EE5 /* viewModel.swift in Sources */,
				9B0BB80F22FBFFCF00A79EE5 /* genericViewModel.swift in Sources */,
				9B14D5D622F84FCF00C5EE46 /* AppDelegate.swift in Sources */,
			);
			runOnlyForDeploymentPostprocessing = 0;
		};
/* End PBXSourcesBuildPhase section */

/* Begin PBXVariantGroup section */
		9B14D5D922F84FD000C5EE46 /* Main.storyboard */ = {
			isa = PBXVariantGroup;
			children = (
				9B14D5DA22F84FD000C5EE46 /* Base */,
			);
			name = Main.storyboard;
			sourceTree = "<group>";
		};
		9B14D5DE22F84FD400C5EE46 /* LaunchScreen.storyboard */ = {
			isa = PBXVariantGroup;
			children = (
				9B14D5DF22F84FD400C5EE46 /* Base */,
			);
			name = LaunchScreen.storyboard;
			sourceTree = "<group>";
		};
/* End PBXVariantGroup section */

/* Begin XCBuildConfiguration section */
		9B14D5E222F84FD400C5EE46 /* Debug */ = {
			isa = XCBuildConfiguration;
			buildSettings = {
				ALWAYS_SEARCH_USER_PATHS = NO;
				CLANG_ANALYZER_NONNULL = YES;
				CLANG_ANALYZER_NUMBER_OBJECT_CONVERSION = YES_AGGRESSIVE;
				CLANG_CXX_LANGUAGE_STANDARD = "gnu++14";
				CLANG_CXX_LIBRARY = "libc++";
				CLANG_ENABLE_MODULES = YES;
				CLANG_ENABLE_OBJC_ARC = YES;
				CLANG_ENABLE_OBJC_WEAK = YES;
				CLANG_WARN_BLOCK_CAPTURE_AUTORELEASING = YES;
				CLANG_WARN_BOOL_CONVERSION = YES;
				CLANG_WARN_COMMA = YES;
				CLANG_WARN_CONSTANT_CONVERSION = YES;
				CLANG_WARN_DEPRECATED_OBJC_IMPLEMENTATIONS = YES;
				CLANG_WARN_DIRECT_OBJC_ISA_USAGE = YES_ERROR;
				CLANG_WARN_DOCUMENTATION_COMMENTS = YES;
				CLANG_WARN_EMPTY_BODY = YES;
				CLANG_WARN_ENUM_CONVERSION = YES;
				CLANG_WARN_INFINITE_RECURSION = YES;
				CLANG_WARN_INT_CONVERSION = YES;
				CLANG_WARN_NON_LITERAL_NULL_CONVERSION = YES;
				CLANG_WARN_OBJC_IMPLICIT_RETAIN_SELF = YES;
				CLANG_WARN_OBJC_LITERAL_CONVERSION = YES;
				CLANG_WARN_OBJC_ROOT_CLASS = YES_ERROR;
				CLANG_WARN_RANGE_LOOP_ANALYSIS = YES;
				CLANG_WARN_STRICT_PROTOTYPES = YES;
				CLANG_WARN_SUSPICIOUS_MOVE = YES;
				CLANG_WARN_UNGUARDED_AVAILABILITY = YES_AGGRESSIVE;
				CLANG_WARN_UNREACHABLE_CODE = YES;
				CLANG_WARN__DUPLICATE_METHOD_MATCH = YES;
				CODE_SIGN_IDENTITY = "iPhone Developer";
				COPY_PHASE_STRIP = NO;
				DEBUG_INFORMATION_FORMAT = dwarf;
				ENABLE_STRICT_OBJC_MSGSEND = YES;
				ENABLE_TESTABILITY = YES;
				GCC_C_LANGUAGE_STANDARD = gnu11;
				GCC_DYNAMIC_NO_PIC = NO;
				GCC_NO_COMMON_BLOCKS = YES;
				GCC_OPTIMIZATION_LEVEL = 0;
				GCC_PREPROCESSOR_DEFINITIONS = (
					"DEBUG=1",
					"$(inherited)",
				);
				GCC_WARN_64_TO_32_BIT_CONVERSION = YES;
				GCC_WARN_ABOUT_RETURN_TYPE = YES_ERROR;
				GCC_WARN_UNDECLARED_SELECTOR = YES;
				GCC_WARN_UNINITIALIZED_AUTOS = YES_AGGRESSIVE;
				GCC_WARN_UNUSED_FUNCTION = YES;
				GCC_WARN_UNUSED_VARIABLE = YES;
				IPHONEOS_DEPLOYMENT_TARGET = 12.1;
				MTL_ENABLE_DEBUG_INFO = INCLUDE_SOURCE;
				MTL_FAST_MATH = YES;
				ONLY_ACTIVE_ARCH = YES;
				SDKROOT = iphoneos;
				SWIFT_ACTIVE_COMPILATION_CONDITIONS = DEBUG;
				SWIFT_OPTIMIZATION_LEVEL = "-Onone";
			};
			name = Debug;
		};
		9B14D5E322F84FD400C5EE46 /* Release */ = {
			isa = XCBuildConfiguration;
			buildSettings = {
				ALWAYS_SEARCH_USER_PATHS = NO;
				CLANG_ANALYZER_NONNULL = YES;
				CLANG_ANALYZER_NUMBER_OBJECT_CONVERSION = YES_AGGRESSIVE;
				CLANG_CXX_LANGUAGE_STANDARD = "gnu++14";
				CLANG_CXX_LIBRARY = "libc++";
				CLANG_ENABLE_MODULES = YES;
				CLANG_ENABLE_OBJC_ARC = YES;
				CLANG_ENABLE_OBJC_WEAK = YES;
				CLANG_WARN_BLOCK_CAPTURE_AUTORELEASING = YES;
				CLANG_WARN_BOOL_CONVERSION = YES;
				CLANG_WARN_COMMA = YES;
				CLANG_WARN_CONSTANT_CONVERSION = YES;
				CLANG_WARN_DEPRECATED_OBJC_IMPLEMENTATIONS = YES;
				CLANG_WARN_DIRECT_OBJC_ISA_USAGE = YES_ERROR;
				CLANG_WARN_DOCUMENTATION_COMMENTS = YES;
				CLANG_WARN_EMPTY_BODY = YES;
				CLANG_WARN_ENUM_CONVERSION = YES;
				CLANG_WARN_INFINITE_RECURSION = YES;
				CLANG_WARN_INT_CONVERSION = YES;
				CLANG_WARN_NON_LITERAL_NULL_CONVERSION = YES;
				CLANG_WARN_OBJC_IMPLICIT_RETAIN_SELF = YES;
				CLANG_WARN_OBJC_LITERAL_CONVERSION = YES;
				CLANG_WARN_OBJC_ROOT_CLASS = YES_ERROR;
				CLANG_WARN_RANGE_LOOP_ANALYSIS = YES;
				CLANG_WARN_STRICT_PROTOTYPES = YES;
				CLANG_WARN_SUSPICIOUS_MOVE = YES;
				CLANG_WARN_UNGUARDED_AVAILABILITY = YES_AGGRESSIVE;
				CLANG_WARN_UNREACHABLE_CODE = YES;
				CLANG_WARN__DUPLICATE_METHOD_MATCH = YES;
				CODE_SIGN_IDENTITY = "iPhone Developer";
				COPY_PHASE_STRIP = NO;
				DEBUG_INFORMATION_FORMAT = "dwarf-with-dsym";
				ENABLE_NS_ASSERTIONS = NO;
				ENABLE_STRICT_OBJC_MSGSEND = YES;
				GCC_C_LANGUAGE_STANDARD = gnu11;
				GCC_NO_COMMON_BLOCKS = YES;
				GCC_WARN_64_TO_32_BIT_CONVERSION = YES;
				GCC_WARN_ABOUT_RETURN_TYPE = YES_ERROR;
				GCC_WARN_UNDECLARED_SELECTOR = YES;
				GCC_WARN_UNINITIALIZED_AUTOS = YES_AGGRESSIVE;
				GCC_WARN_UNUSED_FUNCTION = YES;
				GCC_WARN_UNUSED_VARIABLE = YES;
				IPHONEOS_DEPLOYMENT_TARGET = 12.1;
				MTL_ENABLE_DEBUG_INFO = NO;
				MTL_FAST_MATH = YES;
				SDKROOT = iphoneos;
				SWIFT_COMPILATION_MODE = wholemodule;
				SWIFT_OPTIMIZATION_LEVEL = "-O";
				VALIDATE_PRODUCT = YES;
			};
			name = Release;
		};
		9B14D5E522F84FD400C5EE46 /* Debug */ = {
			isa = XCBuildConfiguration;
			buildSettings = {
				ASSETCATALOG_COMPILER_APPICON_NAME = AppIcon;
				CODE_SIGN_STYLE = Automatic;
				DEVELOPMENT_TEAM = 6P3FREF56Q;
				INFOPLIST_FILE = cleanArchitecture/Info.plist;
				LD_RUNPATH_SEARCH_PATHS = (
					"$(inherited)",
					"@executable_path/Frameworks",
				);
				PRODUCT_BUNDLE_IDENTIFIER = com.panaceatek.panacea.cleanArchitecture;
				PRODUCT_NAME = "$(TARGET_NAME)";
				SWIFT_VERSION = 4.2;
				TARGETED_DEVICE_FAMILY = "1,2";
			};
			name = Debug;
		};
		9B14D5E622F84FD400C5EE46 /* Release */ = {
			isa = XCBuildConfiguration;
			buildSettings = {
				ASSETCATALOG_COMPILER_APPICON_NAME = AppIcon;
				CODE_SIGN_STYLE = Automatic;
				DEVELOPMENT_TEAM = 6P3FREF56Q;
				INFOPLIST_FILE = cleanArchitecture/Info.plist;
				LD_RUNPATH_SEARCH_PATHS = (
					"$(inherited)",
					"@executable_path/Frameworks",
				);
				PRODUCT_BUNDLE_IDENTIFIER = com.panaceatek.panacea.cleanArchitecture;
				PRODUCT_NAME = "$(TARGET_NAME)";
				SWIFT_VERSION = 4.2;
				TARGETED_DEVICE_FAMILY = "1,2";
			};
			name = Release;
		};
/* End XCBuildConfiguration section */

/* Begin XCConfigurationList section */
		9B14D5CD22F84FCF00C5EE46 /* Build configuration list for PBXProject "cleanArchitecture" */ = {
			isa = XCConfigurationList;
			buildConfigurations = (
				9B14D5E222F84FD400C5EE46 /* Debug */,
				9B14D5E322F84FD400C5EE46 /* Release */,
			);
			defaultConfigurationIsVisible = 0;
			defaultConfigurationName = Release;
		};
		9B14D5E422F84FD400C5EE46 /* Build configuration list for PBXNativeTarget "cleanArchitecture" */ = {
			isa = XCConfigurationList;
			buildConfigurations = (
				9B14D5E522F84FD400C5EE46 /* Debug */,
				9B14D5E622F84FD400C5EE46 /* Release */,
			);
			defaultConfigurationIsVisible = 0;
			defaultConfigurationName = Release;
		};
/* End XCConfigurationList section */
	};
	rootObject = 9B14D5CA22F84FCF00C5EE46 /* Project object */;
}
